
Microsoft Visual Studio Solution File, Format Version 12.00
# Visual Studio 2012
Project("{FAE04EC0-301F-11D3-BF4B-00C04F79EFBC}") = "GameCSXAML", "GameCSXAML\GameCSXAML.csproj", "{B6E39CDC-FC72-4039-8469-D2700EFDF88B}"
EndProject
Project("{FAE04EC0-301F-11D3-BF4B-00C04F79EFBC}") = "GameUnitTestLibrary", "GameUnitTestLibrary\GameUnitTestLibrary.csproj", "{73C74F75-F6B3-4401-B160-AC2EBA3C6FCB}"
EndProject
Global
	GlobalSection(SolutionConfigurationPlatforms) = preSolution
		Debug|Any CPU = Debug|Any CPU
		Debug|ARM = Debug|ARM
		Debug|x64 = Debug|x64
		Debug|x86 = Debug|x86
		Release|Any CPU = Release|Any CPU
		Release|ARM = Release|ARM
		Release|x64 = Release|x64
		Release|x86 = Release|x86
	EndGlobalSection
	GlobalSection(ProjectConfigurationPlatforms) = postSolution
		{B6E39CDC-FC72-4039-8469-D2700EFDF88B}.Debug|Any CPU.ActiveCfg = Debug|Any CPU
		{B6E39CDC-FC72-4039-8469-D2700EFDF88B}.Debug|Any CPU.Build.0 = Debug|Any CPU
		{B6E39CDC-FC72-4039-8469-D2700EFDF88B}.Debug|Any CPU.Deploy.0 = Debug|Any CPU
		{B6E39CDC-FC72-4039-8469-D2700EFDF88B}.Debug|ARM.ActiveCfg = Debug|ARM
		{B6E39CDC-FC72-4039-8469-D2700EFDF88B}.Debug|ARM.Build.0 = Debug|ARM
		{B6E39CDC-FC72-4039-8469-D2700EFDF88B}.Debug|ARM.Deploy.0 = Debug|ARM
		{B6E39CDC-FC72-4039-8469-D2700EFDF88B}.Debug|x64.ActiveCfg = Debug|x64
		{B6E39CDC-FC72-4039-8469-D2700EFDF88B}.Debug|x64.Build.0 = Debug|x64
		{B6E39CDC-FC72-4039-8469-D2700EFDF88B}.Debug|x64.Deploy.0 = Debug|x64
		{B6E39CDC-FC72-4039-8469-D2700EFDF88B}.Debug|x86.ActiveCfg = Debug|x86
		{B6E39CDC-FC72-4039-8469-D2700EFDF88B}.Debug|x86.Build.0 = Debug|x86
		{B6E39CDC-FC72-4039-8469-D2700EFDF88B}.Debug|x86.Deploy.0 = Debug|x86
		{B6E39CDC-FC72-4039-8469-D2700EFDF88B}.Release|Any CPU.ActiveCfg = Release|Any CPU
		{B6E39CDC-FC72-4039-8469-D2700EFDF88B}.Release|Any CPU.Build.0 = Release|Any CPU
		{B6E39CDC-FC72-4039-8469-D2700EFDF88B}.Release|Any CPU.Deploy.0 = Release|Any CPU
		{B6E39CDC-FC72-4039-8469-D2700EFDF88B}.Release|ARM.ActiveCfg = Release|ARM
		{B6E39CDC-FC72-4039-8469-D2700EFDF88B}.Release|ARM.Build.0 = Release|ARM
		{B6E39CDC-FC72-4039-8469-D2700EFDF88B}.Release|ARM.Deploy.0 = Release|ARM
		{B6E39CDC-FC72-4039-8469-D2700EFDF88B}.Release|x64.ActiveCfg = Release|x64
		{B6E39CDC-FC72-4039-8469-D2700EFDF88B}.Release|x64.Build.0 = Release|x64
		{B6E39CDC-FC72-4039-8469-D2700EFDF88B}.Release|x64.Deploy.0 = Release|x64
		{B6E39CDC-FC72-4039-8469-D2700EFDF88B}.Release|x86.ActiveCfg = Release|x86
		{B6E39CDC-FC72-4039-8469-D2700EFDF88B}.Release|x86.Build.0 = Release|x86
		{B6E39CDC-FC72-4039-8469-D2700EFDF88B}.Release|x86.Deploy.0 = Release|x86
		{73C74F75-F6B3-4401-B160-AC2EBA3C6FCB}.Debug|Any CPU.ActiveCfg = Debug|Any CPU
		{73C74F75-F6B3-4401-B160-AC2EBA3C6FCB}.Debug|Any CPU.Build.0 = Debug|Any CPU
		{73C74F75-F6B3-4401-B160-AC2EBA3C6FCB}.Debug|Any CPU.Deploy.0 = Debug|Any CPU
		{73C74F75-F6B3-4401-B160-AC2EBA3C6FCB}.Debug|ARM.ActiveCfg = Debug|ARM
		{73C74F75-F6B3-4401-B160-AC2EBA3C6FCB}.Debug|ARM.Build.0 = Debug|ARM
		{73C74F75-F6B3-4401-B160-AC2EBA3C6FCB}.Debug|ARM.Deploy.0 = Debug|ARM
		{73C74F75-F6B3-4401-B160-AC2EBA3C6FCB}.Debug|x64.ActiveCfg = Debug|x64
		{73C74F75-F6B3-4401-B160-AC2EBA3C6FCB}.Debug|x64.Build.0 = Debug|x64
		{73C74F75-F6B3-4401-B160-AC2EBA3C6FCB}.Debug|x64.Deploy.0 = Debug|x64
		{73C74F75-F6B3-4401-B160-AC2EBA3C6FCB}.Debug|x86.ActiveCfg = Debug|x86
		{73C74F75-F6B3-4401-B160-AC2EBA3C6FCB}.Debug|x86.Build.0 = Debug|x86
		{73C74F75-F6B3-4401-B160-AC2EBA3C6FCB}.Debug|x86.Deploy.0 = Debug|x86
		{73C74F75-F6B3-4401-B160-AC2EBA3C6FCB}.Release|Any CPU.ActiveCfg = Release|Any CPU
		{73C74F75-F6B3-4401-B160-AC2EBA3C6FCB}.Release|Any CPU.Build.0 = Release|Any CPU
		{73C74F75-F6B3-4401-B160-AC2EBA3C6FCB}.Release|Any CPU.Deploy.0 = Release|Any CPU
		{73C74F75-F6B3-4401-B160-AC2EBA3C6FCB}.Release|ARM.ActiveCfg = Release|ARM
		{73C74F75-F6B3-4401-B160-AC2EBA3C6FCB}.Release|ARM.Build.0 = Release|ARM
		{73C74F75-F6B3-4401-B160-AC2EBA3C6FCB}.Release|ARM.Deploy.0 = Release|ARM
		{73C74F75-F6B3-4401-B160-AC2EBA3C6FCB}.Release|x64.ActiveCfg = Release|x64
		{73C74F75-F6B3-4401-B160-AC2EBA3C6FCB}.Release|x64.Build.0 = Release|x64
		{73C74F75-F6B3-4401-B160-AC2EBA3C6FCB}.Release|x64.Deploy.0 = Release|x64
		{73C74F75-F6B3-4401-B160-AC2EBA3C6FCB}.Release|x86.ActiveCfg = Release|x86
		{73C74F75-F6B3-4401-B160-AC2EBA3C6FCB}.Release|x86.Build.0 = Release|x86
		{73C74F75-F6B3-4401-B160-AC2EBA3C6FCB}.Release|x86.Deploy.0 = Release|x86
	EndGlobalSection
	GlobalSection(SolutionProperties) = preSolution
		HideSolutionNode = FALSE
	EndGlobalSection
EndGlobal
